// !$*UTF8*$!
{
	archiveVersion = 1;
	classes = {
	};
	objectVersion = 46;
	objects = {

/* Begin PBXBuildFile section */
		2FF373F72710CF4500E0D465 /* AutomaticUploadManager.swift in Sources */ = {isa = PBXBuildFile; fileRef = 2FF373F62710CF4500E0D465 /* AutomaticUploadManager.swift */; };
		2FF373FF2710CF6A00E0D465 /* MimeType.swift in Sources */ = {isa = PBXBuildFile; fileRef = 2FF373F92710CF6A00E0D465 /* MimeType.swift */; };
		2FF374002710CF6A00E0D465 /* Log.swift in Sources */ = {isa = PBXBuildFile; fileRef = 2FF373FA2710CF6A00E0D465 /* Log.swift */; };
		2FF374012710CF6A00E0D465 /* OpacityPhotoAssetDetails.swift in Sources */ = {isa = PBXBuildFile; fileRef = 2FF373FB2710CF6A00E0D465 /* OpacityPhotoAssetDetails.swift */; };
		2FF374022710CF6A00E0D465 /* Constants.swift in Sources */ = {isa = PBXBuildFile; fileRef = 2FF373FC2710CF6A00E0D465 /* Constants.swift */; };
		2FF374032710CF6A00E0D465 /* Toast.swift in Sources */ = {isa = PBXBuildFile; fileRef = 2FF373FD2710CF6A00E0D465 /* Toast.swift */; };
		2FF374042710CF6A00E0D465 /* Utils.swift in Sources */ = {isa = PBXBuildFile; fileRef = 2FF373FE2710CF6A00E0D465 /* Utils.swift */; };
		2FF3740B2710CF8B00E0D465 /* NSNotification.Name.swift in Sources */ = {isa = PBXBuildFile; fileRef = 2FF374062710CF8B00E0D465 /* NSNotification.Name.swift */; };
		2FF3740C2710CF8B00E0D465 /* PHAsset+RequestMaxSizeImage.swift in Sources */ = {isa = PBXBuildFile; fileRef = 2FF374072710CF8B00E0D465 /* PHAsset+RequestMaxSizeImage.swift */; };
		2FF3740D2710CF8B00E0D465 /* PHAsset+requestVideo.swift in Sources */ = {isa = PBXBuildFile; fileRef = 2FF374082710CF8B00E0D465 /* PHAsset+requestVideo.swift */; };
		2FF3740E2710CF8B00E0D465 /* UIImage+WriteAtPath.swift in Sources */ = {isa = PBXBuildFile; fileRef = 2FF374092710CF8B00E0D465 /* UIImage+WriteAtPath.swift */; };
		2FF3740F2710CF8B00E0D465 /* PHAsset+originalFilename.swift in Sources */ = {isa = PBXBuildFile; fileRef = 2FF3740A2710CF8B00E0D465 /* PHAsset+originalFilename.swift */; };
		F4FF95D7245B92E800C19C63 /* RNFileScanner.swift in Sources */ = {isa = PBXBuildFile; fileRef = F4FF95D6245B92E800C19C63 /* RNFileScanner.swift */; };
/* End PBXBuildFile section */

/* Begin PBXCopyFilesBuildPhase section */
		58B511D91A9E6C8500147676 /* CopyFiles */ = {
			isa = PBXCopyFilesBuildPhase;
			buildActionMask = 2147483647;
			dstPath = "include/$(PRODUCT_NAME)";
			dstSubfolderSpec = 16;
			files = (
			);
			runOnlyForDeploymentPostprocessing = 0;
		};
/* End PBXCopyFilesBuildPhase section */

/* Begin PBXFileReference section */
		134814201AA4EA6300B7C361 /* libRNFileScanner.a */ = {isa = PBXFileReference; explicitFileType = archive.ar; includeInIndex = 0; path = libRNFileScanner.a; sourceTree = BUILT_PRODUCTS_DIR; };
		2FF373F62710CF4500E0D465 /* AutomaticUploadManager.swift */ = {isa = PBXFileReference; fileEncoding = 4; lastKnownFileType = sourcecode.swift; path = AutomaticUploadManager.swift; sourceTree = "<group>"; };
		2FF373F92710CF6A00E0D465 /* MimeType.swift */ = {isa = PBXFileReference; fileEncoding = 4; lastKnownFileType = sourcecode.swift; path = MimeType.swift; sourceTree = "<group>"; };
		2FF373FA2710CF6A00E0D465 /* Log.swift */ = {isa = PBXFileReference; fileEncoding = 4; lastKnownFileType = sourcecode.swift; path = Log.swift; sourceTree = "<group>"; };
		2FF373FB2710CF6A00E0D465 /* OpacityPhotoAssetDetails.swift */ = {isa = PBXFileReference; fileEncoding = 4; lastKnownFileType = sourcecode.swift; path = OpacityPhotoAssetDetails.swift; sourceTree = "<group>"; };
		2FF373FC2710CF6A00E0D465 /* Constants.swift */ = {isa = PBXFileReference; fileEncoding = 4; lastKnownFileType = sourcecode.swift; path = Constants.swift; sourceTree = "<group>"; };
		2FF373FD2710CF6A00E0D465 /* Toast.swift */ = {isa = PBXFileReference; fileEncoding = 4; lastKnownFileType = sourcecode.swift; path = Toast.swift; sourceTree = "<group>"; };
		2FF373FE2710CF6A00E0D465 /* Utils.swift */ = {isa = PBXFileReference; fileEncoding = 4; lastKnownFileType = sourcecode.swift; path = Utils.swift; sourceTree = "<group>"; };
		2FF374062710CF8B00E0D465 /* NSNotification.Name.swift */ = {isa = PBXFileReference; fileEncoding = 4; lastKnownFileType = sourcecode.swift; path = NSNotification.Name.swift; sourceTree = "<group>"; };
		2FF374072710CF8B00E0D465 /* PHAsset+RequestMaxSizeImage.swift */ = {isa = PBXFileReference; fileEncoding = 4; lastKnownFileType = sourcecode.swift; path = "PHAsset+RequestMaxSizeImage.swift"; sourceTree = "<group>"; };
		2FF374082710CF8B00E0D465 /* PHAsset+requestVideo.swift */ = {isa = PBXFileReference; fileEncoding = 4; lastKnownFileType = sourcecode.swift; path = "PHAsset+requestVideo.swift"; sourceTree = "<group>"; };
		2FF374092710CF8B00E0D465 /* UIImage+WriteAtPath.swift */ = {isa = PBXFileReference; fileEncoding = 4; lastKnownFileType = sourcecode.swift; path = "UIImage+WriteAtPath.swift"; sourceTree = "<group>"; };
		2FF3740A2710CF8B00E0D465 /* PHAsset+originalFilename.swift */ = {isa = PBXFileReference; fileEncoding = 4; lastKnownFileType = sourcecode.swift; path = "PHAsset+originalFilename.swift"; sourceTree = "<group>"; };
		B3E7B5891CC2AC0600A0062D /* RNFileScanner.m */ = {isa = PBXFileReference; fileEncoding = 4; lastKnownFileType = sourcecode.c.objc; path = RNFileScanner.m; sourceTree = "<group>"; };
		F4FF95D5245B92E700C19C63 /* RNFileScanner-Bridging-Header.h */ = {isa = PBXFileReference; lastKnownFileType = sourcecode.c.h; path = "RNFileScanner-Bridging-Header.h"; sourceTree = "<group>"; };
		F4FF95D6245B92E800C19C63 /* RNFileScanner.swift */ = {isa = PBXFileReference; lastKnownFileType = sourcecode.swift; path = RNFileScanner.swift; sourceTree = "<group>"; };
/* End PBXFileReference section */

/* Begin PBXFrameworksBuildPhase section */
		58B511D81A9E6C8500147676 /* Frameworks */ = {
			isa = PBXFrameworksBuildPhase;
			buildActionMask = 2147483647;
			files = (
			);
			runOnlyForDeploymentPostprocessing = 0;
		};
/* End PBXFrameworksBuildPhase section */

/* Begin PBXGroup section */
		134814211AA4EA7D00B7C361 /* Products */ = {
			isa = PBXGroup;
			children = (
				134814201AA4EA6300B7C361 /* libRNFileScanner.a */,
			);
			name = Products;
			sourceTree = "<group>";
		};
		2F88BDBE2717769200BE708B /* OpacitySDK */ = {
			isa = PBXGroup;
			children = (
				2FF373F52710CF0900E0D465 /* UploadManager */,
				2FF373F82710CF5D00E0D465 /* Utils */,
				2FF374052710CF7600E0D465 /* Extensions */,
			);
			path = OpacitySDK;
			sourceTree = "<group>";
		};
		2FF373F52710CF0900E0D465 /* UploadManager */ = {
			isa = PBXGroup;
			children = (
				2FF373F62710CF4500E0D465 /* AutomaticUploadManager.swift */,
			);
			path = UploadManager;
			sourceTree = "<group>";
		};
		2FF373F82710CF5D00E0D465 /* Utils */ = {
			isa = PBXGroup;
			children = (
				2FF373FC2710CF6A00E0D465 /* Constants.swift */,
				2FF373FA2710CF6A00E0D465 /* Log.swift */,
				2FF373F92710CF6A00E0D465 /* MimeType.swift */,
				2FF373FB2710CF6A00E0D465 /* OpacityPhotoAssetDetails.swift */,
				2FF373FD2710CF6A00E0D465 /* Toast.swift */,
				2FF373FE2710CF6A00E0D465 /* Utils.swift */,
			);
			path = Utils;
			sourceTree = "<group>";
		};
		2FF374052710CF7600E0D465 /* Extensions */ = {
			isa = PBXGroup;
			children = (
				2FF374062710CF8B00E0D465 /* NSNotification.Name.swift */,
				2FF3740A2710CF8B00E0D465 /* PHAsset+originalFilename.swift */,
				2FF374072710CF8B00E0D465 /* PHAsset+RequestMaxSizeImage.swift */,
				2FF374082710CF8B00E0D465 /* PHAsset+requestVideo.swift */,
				2FF374092710CF8B00E0D465 /* UIImage+WriteAtPath.swift */,
			);
			path = Extensions;
			sourceTree = "<group>";
		};
		58B511D21A9E6C8500147676 = {
			isa = PBXGroup;
			children = (
				2F88BDBE2717769200BE708B /* OpacitySDK */,
				F4FF95D6245B92E800C19C63 /* RNFileScanner.swift */,
				B3E7B5891CC2AC0600A0062D /* RNFileScanner.m */,
				F4FF95D5245B92E700C19C63 /* RNFileScanner-Bridging-Header.h */,
				134814211AA4EA7D00B7C361 /* Products */,
			);
			sourceTree = "<group>";
		};
/* End PBXGroup section */

/* Begin PBXNativeTarget section */
		58B511DA1A9E6C8500147676 /* RNFileScanner */ = {
			isa = PBXNativeTarget;
			buildConfigurationList = 58B511EF1A9E6C8500147676 /* Build configuration list for PBXNativeTarget "RNFileScanner" */;
			buildPhases = (
				837C14134A69346BC892A7B9 /* [CP] Check Pods Manifest.lock */,
				58B511D71A9E6C8500147676 /* Sources */,
				58B511D81A9E6C8500147676 /* Frameworks */,
				58B511D91A9E6C8500147676 /* CopyFiles */,
			);
			buildRules = (
			);
			dependencies = (
			);
			name = RNFileScanner;
			productName = RCTDataManager;
			productReference = 134814201AA4EA6300B7C361 /* libRNFileScanner.a */;
			productType = "com.apple.product-type.library.static";
		};
/* End PBXNativeTarget section */

/* Begin PBXProject section */
		58B511D31A9E6C8500147676 /* Project object */ = {
			isa = PBXProject;
			attributes = {
				LastUpgradeCheck = 0920;
				ORGANIZATIONNAME = Facebook;
				TargetAttributes = {
					58B511DA1A9E6C8500147676 = {
						CreatedOnToolsVersion = 6.1.1;
					};
				};
			};
			buildConfigurationList = 58B511D61A9E6C8500147676 /* Build configuration list for PBXProject "RNFileScanner" */;
			compatibilityVersion = "Xcode 3.2";
			developmentRegion = English;
			hasScannedForEncodings = 0;
			knownRegions = (
				English,
				en,
			);
			mainGroup = 58B511D21A9E6C8500147676;
			productRefGroup = 58B511D21A9E6C8500147676;
			projectDirPath = "";
			projectRoot = "";
			targets = (
				58B511DA1A9E6C8500147676 /* RNFileScanner */,
			);
		};
/* End PBXProject section */

/* Begin PBXShellScriptBuildPhase section */
		837C14134A69346BC892A7B9 /* [CP] Check Pods Manifest.lock */ = {
			isa = PBXShellScriptBuildPhase;
			buildActionMask = 2147483647;
			files = (
			);
			inputFileListPaths = (
			);
			inputPaths = (
				"${PODS_PODFILE_DIR_PATH}/Podfile.lock",
				"${PODS_ROOT}/Manifest.lock",
			);
			name = "[CP] Check Pods Manifest.lock";
			outputFileListPaths = (
			);
			outputPaths = (
				"$(DERIVED_FILE_DIR)/Pods-RNFileScanner-checkManifestLockResult.txt",
			);
			runOnlyForDeploymentPostprocessing = 0;
			shellPath = /bin/sh;
			shellScript = "diff \"${PODS_PODFILE_DIR_PATH}/Podfile.lock\" \"${PODS_ROOT}/Manifest.lock\" > /dev/null\nif [ $? != 0 ] ; then\n    # print error to STDERR\n    echo \"error: The sandbox is not in sync with the Podfile.lock. Run 'pod install' or update your CocoaPods installation.\" >&2\n    exit 1\nfi\n# This output is used by Xcode 'outputs' to avoid re-running this script phase.\necho \"SUCCESS\" > \"${SCRIPT_OUTPUT_FILE_0}\"\n";
			showEnvVarsInLog = 0;
		};
/* End PBXShellScriptBuildPhase section */

/* Begin PBXSourcesBuildPhase section */
		58B511D71A9E6C8500147676 /* Sources */ = {
			isa = PBXSourcesBuildPhase;
			buildActionMask = 2147483647;
			files = (
				2FF374012710CF6A00E0D465 /* OpacityPhotoAssetDetails.swift in Sources */,
				2FF373F72710CF4500E0D465 /* AutomaticUploadManager.swift in Sources */,
				F4FF95D7245B92E800C19C63 /* RNFileScanner.swift in Sources */,
				2FF374002710CF6A00E0D465 /* Log.swift in Sources */,
				2FF3740D2710CF8B00E0D465 /* PHAsset+requestVideo.swift in Sources */,
				2FF3740B2710CF8B00E0D465 /* NSNotification.Name.swift in Sources */,
				2FF3740F2710CF8B00E0D465 /* PHAsset+originalFilename.swift in Sources */,
				2FF373FF2710CF6A00E0D465 /* MimeType.swift in Sources */,
				2FF3740C2710CF8B00E0D465 /* PHAsset+RequestMaxSizeImage.swift in Sources */,
				2FF374022710CF6A00E0D465 /* Constants.swift in Sources */,
				2FF3740E2710CF8B00E0D465 /* UIImage+WriteAtPath.swift in Sources */,
				2FF374032710CF6A00E0D465 /* Toast.swift in Sources */,
				2FF374042710CF6A00E0D465 /* Utils.swift in Sources */,
			);
			runOnlyForDeploymentPostprocessing = 0;
		};
/* End PBXSourcesBuildPhase section */

/* Begin XCBuildConfiguration section */
		58B511ED1A9E6C8500147676 /* Debug */ = {
			isa = XCBuildConfiguration;
			buildSettings = {
				ALWAYS_SEARCH_USER_PATHS = NO;
				CLANG_CXX_LANGUAGE_STANDARD = "gnu++0x";
				CLANG_CXX_LIBRARY = "libc++";
				CLANG_ENABLE_MODULES = YES;
				CLANG_ENABLE_OBJC_ARC = YES;
				CLANG_WARN_BLOCK_CAPTURE_AUTORELEASING = YES;
				CLANG_WARN_BOOL_CONVERSION = YES;
				CLANG_WARN_COMMA = YES;
				CLANG_WARN_CONSTANT_CONVERSION = YES;
				CLANG_WARN_DIRECT_OBJC_ISA_USAGE = YES_ERROR;
				CLANG_WARN_EMPTY_BODY = YES;
				CLANG_WARN_ENUM_CONVERSION = YES;
				CLANG_WARN_INFINITE_RECURSION = YES;
				CLANG_WARN_INT_CONVERSION = YES;
				CLANG_WARN_NON_LITERAL_NULL_CONVERSION = YES;
				CLANG_WARN_OBJC_LITERAL_CONVERSION = YES;
				CLANG_WARN_OBJC_ROOT_CLASS = YES_ERROR;
				CLANG_WARN_RANGE_LOOP_ANALYSIS = YES;
				CLANG_WARN_STRICT_PROTOTYPES = YES;
				CLANG_WARN_SUSPICIOUS_MOVE = YES;
				CLANG_WARN_UNREACHABLE_CODE = YES;
				CLANG_WARN__DUPLICATE_METHOD_MATCH = YES;
				COPY_PHASE_STRIP = NO;
				ENABLE_STRICT_OBJC_MSGSEND = YES;
				ENABLE_TESTABILITY = YES;
				"EXCLUDED_ARCHS[sdk=iphonesimulator*]" = arm64;
				GCC_C_LANGUAGE_STANDARD = gnu99;
				GCC_DYNAMIC_NO_PIC = NO;
				GCC_NO_COMMON_BLOCKS = YES;
				GCC_OPTIMIZATION_LEVEL = 0;
				GCC_PREPROCESSOR_DEFINITIONS = (
					"DEBUG=1",
					"$(inherited)",
				);
				GCC_SYMBOLS_PRIVATE_EXTERN = NO;
				GCC_WARN_64_TO_32_BIT_CONVERSION = YES;
				GCC_WARN_ABOUT_RETURN_TYPE = YES_ERROR;
				GCC_WARN_UNDECLARED_SELECTOR = YES;
				GCC_WARN_UNINITIALIZED_AUTOS = YES_AGGRESSIVE;
				GCC_WARN_UNUSED_FUNCTION = YES;
				GCC_WARN_UNUSED_VARIABLE = YES;
				IPHONEOS_DEPLOYMENT_TARGET = 13.0;
				MTL_ENABLE_DEBUG_INFO = YES;
				ONLY_ACTIVE_ARCH = YES;
				SDKROOT = iphoneos;
			};
			name = Debug;
		};
		58B511EE1A9E6C8500147676 /* Release */ = {
			isa = XCBuildConfiguration;
			buildSettings = {
				ALWAYS_SEARCH_USER_PATHS = NO;
				CLANG_CXX_LANGUAGE_STANDARD = "gnu++0x";
				CLANG_CXX_LIBRARY = "libc++";
				CLANG_ENABLE_MODULES = YES;
				CLANG_ENABLE_OBJC_ARC = YES;
				CLANG_WARN_BLOCK_CAPTURE_AUTORELEASING = YES;
				CLANG_WARN_BOOL_CONVERSION = YES;
				CLANG_WARN_COMMA = YES;
				CLANG_WARN_CONSTANT_CONVERSION = YES;
				CLANG_WARN_DIRECT_OBJC_ISA_USAGE = YES_ERROR;
				CLANG_WARN_EMPTY_BODY = YES;
				CLANG_WARN_ENUM_CONVERSION = YES;
				CLANG_WARN_INFINITE_RECURSION = YES;
				CLANG_WARN_INT_CONVERSION = YES;
				CLANG_WARN_NON_LITERAL_NULL_CONVERSION = YES;
				CLANG_WARN_OBJC_LITERAL_CONVERSION = YES;
				CLANG_WARN_OBJC_ROOT_CLASS = YES_ERROR;
				CLANG_WARN_RANGE_LOOP_ANALYSIS = YES;
				CLANG_WARN_STRICT_PROTOTYPES = YES;
				CLANG_WARN_SUSPICIOUS_MOVE = YES;
				CLANG_WARN_UNREACHABLE_CODE = YES;
				CLANG_WARN__DUPLICATE_METHOD_MATCH = YES;
				COPY_PHASE_STRIP = YES;
				ENABLE_NS_ASSERTIONS = NO;
				ENABLE_STRICT_OBJC_MSGSEND = YES;
				"EXCLUDED_ARCHS[sdk=iphonesimulator*]" = arm64;
				GCC_C_LANGUAGE_STANDARD = gnu99;
				GCC_NO_COMMON_BLOCKS = YES;
				GCC_WARN_64_TO_32_BIT_CONVERSION = YES;
				GCC_WARN_ABOUT_RETURN_TYPE = YES_ERROR;
				GCC_WARN_UNDECLARED_SELECTOR = YES;
				GCC_WARN_UNINITIALIZED_AUTOS = YES_AGGRESSIVE;
				GCC_WARN_UNUSED_FUNCTION = YES;
				GCC_WARN_UNUSED_VARIABLE = YES;
				IPHONEOS_DEPLOYMENT_TARGET = 13.0;
				MTL_ENABLE_DEBUG_INFO = NO;
				SDKROOT = iphoneos;
				VALIDATE_PRODUCT = YES;
			};
			name = Release;
		};
		58B511F01A9E6C8500147676 /* Debug */ = {
			isa = XCBuildConfiguration;
			buildSettings = {
				HEADER_SEARCH_PATHS = (
					"$(inherited)",
					/Applications/Xcode.app/Contents/Developer/Toolchains/XcodeDefault.xctoolchain/usr/include,
					"$(SRCROOT)/../../../React/**",
					"$(SRCROOT)/../../react-native/React/**",
				);
				LIBRARY_SEARCH_PATHS = "$(inherited)";
				OTHER_LDFLAGS = "-ObjC";
				PRODUCT_NAME = RNFileScanner;
				SKIP_INSTALL = YES;
				SWIFT_OBJC_BRIDGING_HEADER = "RNFileScanner-Bridging-Header.h";
				SWIFT_OPTIMIZATION_LEVEL = "-Onone";
				SWIFT_VERSION = 5.0;
			};
			name = Debug;
		};
		58B511F11A9E6C8500147676 /* Release */ = {
			isa = XCBuildConfiguration;
			buildSettings = {
				HEADER_SEARCH_PATHS = (
					"$(inherited)",
					/Applications/Xcode.app/Contents/Developer/Toolchains/XcodeDefault.xctoolchain/usr/include,
					"$(SRCROOT)/../../../React/**",
					"$(SRCROOT)/../../react-native/React/**",
				);
				LIBRARY_SEARCH_PATHS = "$(inherited)";
				OTHER_LDFLAGS = "-ObjC";
				PRODUCT_NAME = RNFileScanner;
				SKIP_INSTALL = YES;
				SWIFT_OBJC_BRIDGING_HEADER = "RNFileScanner-Bridging-Header.h";
				SWIFT_VERSION = 5.0;
			};
			name = Release;
		};
/* End XCBuildConfiguration section */

/* Begin XCConfigurationList section */
		58B511D61A9E6C8500147676 /* Build configuration list for PBXProject "RNFileScanner" */ = {
			isa = XCConfigurationList;
			buildConfigurations = (
				58B511ED1A9E6C8500147676 /* Debug */,
				58B511EE1A9E6C8500147676 /* Release */,
			);
			defaultConfigurationIsVisible = 0;
			defaultConfigurationName = Release;
		};
		58B511EF1A9E6C8500147676 /* Build configuration list for PBXNativeTarget "RNFileScanner" */ = {
			isa = XCConfigurationList;
			buildConfigurations = (
				58B511F01A9E6C8500147676 /* Debug */,
				58B511F11A9E6C8500147676 /* Release */,
			);
			defaultConfigurationIsVisible = 0;
			defaultConfigurationName = Release;
		};
/* End XCConfigurationList section */
	};
	rootObject = 58B511D31A9E6C8500147676 /* Project object */;
}
